// !$*UTF8*$!
{
	archiveVersion = 1;
	classes = {
	};
	objectVersion = 56;
	objects = {

/* Begin PBXBuildFile section */
		8BAFD79729159EAB00828064 /* main.swift in Sources */ = {isa = PBXBuildFile; fileRef = 8BAFD79629159EAB00828064 /* main.swift */; };
		8BAFD79F29159EDE00828064 /* Connection.swift in Sources */ = {isa = PBXBuildFile; fileRef = 8BAFD79E29159EDE00828064 /* Connection.swift */; };
		8BAFD7A129159EEE00828064 /* Server.swift in Sources */ = {isa = PBXBuildFile; fileRef = 8BAFD7A029159EEE00828064 /* Server.swift */; };
		8BAFD7A429159FA600828064 /* Notification+Name.swift in Sources */ = {isa = PBXBuildFile; fileRef = 8BAFD7A329159FA600828064 /* Notification+Name.swift */; };
		8BAFD7A82915A35900828064 /* Data+Util.swift in Sources */ = {isa = PBXBuildFile; fileRef = 8BAFD7A72915A35900828064 /* Data+Util.swift */; };
/* End PBXBuildFile section */

/* Begin PBXCopyFilesBuildPhase section */
		8BAFD79129159EAB00828064 /* CopyFiles */ = {
			isa = PBXCopyFilesBuildPhase;
			buildActionMask = 2147483647;
			dstPath = /usr/share/man/man1/;
			dstSubfolderSpec = 0;
			files = (
			);
			runOnlyForDeploymentPostprocessing = 1;
		};
/* End PBXCopyFilesBuildPhase section */

/* Begin PBXFileReference section */
		8BAFD79329159EAB00828064 /* Trashy */ = {isa = PBXFileReference; explicitFileType = "compiled.mach-o.executable"; includeInIndex = 0; path = Trashy; sourceTree = BUILT_PRODUCTS_DIR; };
		8BAFD79629159EAB00828064 /* main.swift */ = {isa = PBXFileReference; lastKnownFileType = sourcecode.swift; path = main.swift; sourceTree = "<group>"; };
		8BAFD79E29159EDE00828064 /* Connection.swift */ = {isa = PBXFileReference; lastKnownFileType = sourcecode.swift; path = Connection.swift; sourceTree = "<group>"; };
		8BAFD7A029159EEE00828064 /* Server.swift */ = {isa = PBXFileReference; lastKnownFileType = sourcecode.swift; path = Server.swift; sourceTree = "<group>"; };
		8BAFD7A329159FA600828064 /* Notification+Name.swift */ = {isa = PBXFileReference; lastKnownFileType = sourcecode.swift; path = "Notification+Name.swift"; sourceTree = "<group>"; };
		8BAFD7A72915A35900828064 /* Data+Util.swift */ = {isa = PBXFileReference; lastKnownFileType = sourcecode.swift; path = "Data+Util.swift"; sourceTree = "<group>"; };
/* End PBXFileReference section */

/* Begin PBXFrameworksBuildPhase section */
		8BAFD79029159EAB00828064 /* Frameworks */ = {
			isa = PBXFrameworksBuildPhase;
			buildActionMask = 2147483647;
			files = (
			);
			runOnlyForDeploymentPostprocessing = 0;
		};
/* End PBXFrameworksBuildPhase section */

/* Begin PBXGroup section */
		8BAFD78A29159EAB00828064 = {
			isa = PBXGroup;
			children = (
				8BAFD7A229159F9600828064 /* Extensions */,
				8BAFD79D29159EBF00828064 /* Networking */,
				8BAFD79529159EAB00828064 /* Trashy */,
				8BAFD79429159EAB00828064 /* Products */,
			);
			sourceTree = "<group>";
		};
		8BAFD79429159EAB00828064 /* Products */ = {
			isa = PBXGroup;
			children = (
				8BAFD79329159EAB00828064 /* Trashy */,
			);
			name = Products;
			sourceTree = "<group>";
		};
		8BAFD79529159EAB00828064 /* Trashy */ = {
			isa = PBXGroup;
			children = (
				8BAFD79629159EAB00828064 /* main.swift */,
			);
			path = Trashy;
			sourceTree = "<group>";
		};
		8BAFD79D29159EBF00828064 /* Networking */ = {
			isa = PBXGroup;
			children = (
				8BAFD79E29159EDE00828064 /* Connection.swift */,
				8BAFD7A029159EEE00828064 /* Server.swift */,
			);
			path = Networking;
			sourceTree = "<group>";
		};
		8BAFD7A229159F9600828064 /* Extensions */ = {
			isa = PBXGroup;
			children = (
				8BAFD7A329159FA600828064 /* Notification+Name.swift */,
				8BAFD7A72915A35900828064 /* Data+Util.swift */,
			);
			path = Extensions;
			sourceTree = "<group>";
		};
/* End PBXGroup section */

/* Begin PBXNativeTarget section */
		8BAFD79229159EAB00828064 /* Trashy */ = {
			isa = PBXNativeTarget;
			buildConfigurationList = 8BAFD79A29159EAB00828064 /* Build configuration list for PBXNativeTarget "Trashy" */;
			buildPhases = (
				8BAFD78F29159EAB00828064 /* Sources */,
				8BAFD79029159EAB00828064 /* Frameworks */,
				8BAFD79129159EAB00828064 /* CopyFiles */,
			);
			buildRules = (
			);
			dependencies = (
			);
			name = Trashy;
			productName = Trashy;
			productReference = 8BAFD79329159EAB00828064 /* Trashy */;
			productType = "com.apple.product-type.tool";
		};
/* End PBXNativeTarget section */

/* Begin PBXProject section */
		8BAFD78B29159EAB00828064 /* Project object */ = {
			isa = PBXProject;
			attributes = {
				BuildIndependentTargetsInParallel = 1;
				LastSwiftUpdateCheck = 1400;
				LastUpgradeCheck = 1400;
				TargetAttributes = {
					8BAFD79229159EAB00828064 = {
						CreatedOnToolsVersion = 14.0.1;
					};
				};
			};
			buildConfigurationList = 8BAFD78E29159EAB00828064 /* Build configuration list for PBXProject "Trashy" */;
			compatibilityVersion = "Xcode 14.0";
			developmentRegion = en;
			hasScannedForEncodings = 0;
			knownRegions = (
				en,
				Base,
			);
			mainGroup = 8BAFD78A29159EAB00828064;
			productRefGroup = 8BAFD79429159EAB00828064 /* Products */;
			projectDirPath = "";
			projectRoot = "";
			targets = (
				8BAFD79229159EAB00828064 /* Trashy */,
			);
		};
/* End PBXProject section */

/* Begin PBXSourcesBuildPhase section */
		8BAFD78F29159EAB00828064 /* Sources */ = {
			isa = PBXSourcesBuildPhase;
			buildActionMask = 2147483647;
			files = (
				8BAFD79729159EAB00828064 /* main.swift in Sources */,
				8BAFD7A82915A35900828064 /* Data+Util.swift in Sources */,
				8BAFD7A429159FA600828064 /* Notification+Name.swift in Sources */,
				8BAFD7A129159EEE00828064 /* Server.swift in Sources */,
				8BAFD79F29159EDE00828064 /* Connection.swift in Sources */,
			);
			runOnlyForDeploymentPostprocessing = 0;
		};
/* End PBXSourcesBuildPhase section */

/* Begin XCBuildConfiguration section */
		8BAFD79829159EAB00828064 /* Debug */ = {
			isa = XCBuildConfiguration;
			buildSettings = {
				ALWAYS_SEARCH_USER_PATHS = NO;
				CLANG_ANALYZER_NONNULL = YES;
				CLANG_ANALYZER_NUMBER_OBJECT_CONVERSION = YES_AGGRESSIVE;
				CLANG_CXX_LANGUAGE_STANDARD = "gnu++20";
				CLANG_ENABLE_MODULES = YES;
				CLANG_ENABLE_OBJC_ARC = YES;
				CLANG_ENABLE_OBJC_WEAK = YES;
				CLANG_WARN_BLOCK_CAPTURE_AUTORELEASING = YES;
				CLANG_WARN_BOOL_CONVERSION = YES;
				CLANG_WARN_COMMA = YES;
				CLANG_WARN_CONSTANT_CONVERSION = YES;
				CLANG_WARN_DEPRECATED_OBJC_IMPLEMENTATIONS = YES;
				CLANG_WARN_DIRECT_OBJC_ISA_USAGE = YES_ERROR;
				CLANG_WARN_DOCUMENTATION_COMMENTS = YES;
				CLANG_WARN_EMPTY_BODY = YES;
				CLANG_WARN_ENUM_CONVERSION = YES;
				CLANG_WARN_INFINITE_RECURSION = YES;
				CLANG_WARN_INT_CONVERSION = YES;
				CLANG_WARN_NON_LITERAL_NULL_CONVERSION = YES;
				CLANG_WARN_OBJC_IMPLICIT_RETAIN_SELF = YES;
				CLANG_WARN_OBJC_LITERAL_CONVERSION = YES;
				CLANG_WARN_OBJC_ROOT_CLASS = YES_ERROR;
				CLANG_WARN_QUOTED_INCLUDE_IN_FRAMEWORK_HEADER = YES;
				CLANG_WARN_RANGE_LOOP_ANALYSIS = YES;
				CLANG_WARN_STRICT_PROTOTYPES = YES;
				CLANG_WARN_SUSPICIOUS_MOVE = YES;
				CLANG_WARN_UNGUARDED_AVAILABILITY = YES_AGGRESSIVE;
				CLANG_WARN_UNREACHABLE_CODE = YES;
				CLANG_WARN__DUPLICATE_METHOD_MATCH = YES;
				COPY_PHASE_STRIP = NO;
				DEBUG_INFORMATION_FORMAT = dwarf;
				ENABLE_STRICT_OBJC_MSGSEND = YES;
				ENABLE_TESTABILITY = YES;
				GCC_C_LANGUAGE_STANDARD = gnu11;
				GCC_DYNAMIC_NO_PIC = NO;
				GCC_NO_COMMON_BLOCKS = YES;
				GCC_OPTIMIZATION_LEVEL = 0;
				GCC_PREPROCESSOR_DEFINITIONS = (
					"DEBUG=1",
					"$(inherited)",
				);
				GCC_WARN_64_TO_32_BIT_CONVERSION = YES;
				GCC_WARN_ABOUT_RETURN_TYPE = YES_ERROR;
				GCC_WARN_UNDECLARED_SELECTOR = YES;
				GCC_WARN_UNINITIALIZED_AUTOS = YES_AGGRESSIVE;
				GCC_WARN_UNUSED_FUNCTION = YES;
				GCC_WARN_UNUSED_VARIABLE = YES;
				MACOSX_DEPLOYMENT_TARGET = 12.3;
				MTL_ENABLE_DEBUG_INFO = INCLUDE_SOURCE;
				MTL_FAST_MATH = YES;
				ONLY_ACTIVE_ARCH = YES;
				SDKROOT = macosx;
				SWIFT_ACTIVE_COMPILATION_CONDITIONS = DEBUG;
				SWIFT_OPTIMIZATION_LEVEL = "-Onone";
			};
			name = Debug;
		};
		8BAFD79929159EAB00828064 /* Release */ = {
			isa = XCBuildConfiguration;
			buildSettings = {
				ALWAYS_SEARCH_USER_PATHS = NO;
				CLANG_ANALYZER_NONNULL = YES;
				CLANG_ANALYZER_NUMBER_OBJECT_CONVERSION = YES_AGGRESSIVE;
				CLANG_CXX_LANGUAGE_STANDARD = "gnu++20";
				CLANG_ENABLE_MODULES = YES;
				CLANG_ENABLE_OBJC_ARC = YES;
				CLANG_ENABLE_OBJC_WEAK = YES;
				CLANG_WARN_BLOCK_CAPTURE_AUTORELEASING = YES;
				CLANG_WARN_BOOL_CONVERSION = YES;
				CLANG_WARN_COMMA = YES;
				CLANG_WARN_CONSTANT_CONVERSION = YES;
				CLANG_WARN_DEPRECATED_OBJC_IMPLEMENTATIONS = YES;
				CLANG_WARN_DIRECT_OBJC_ISA_USAGE = YES_ERROR;
				CLANG_WARN_DOCUMENTATION_COMMENTS = YES;
				CLANG_WARN_EMPTY_BODY = YES;
				CLANG_WARN_ENUM_CONVERSION = YES;
				CLANG_WARN_INFINITE_RECURSION = YES;
				CLANG_WARN_INT_CONVERSION = YES;
				CLANG_WARN_NON_LITERAL_NULL_CONVERSION = YES;
				CLANG_WARN_OBJC_IMPLICIT_RETAIN_SELF = YES;
				CLANG_WARN_OBJC_LITERAL_CONVERSION = YES;
				CLANG_WARN_OBJC_ROOT_CLASS = YES_ERROR;
				CLANG_WARN_QUOTED_INCLUDE_IN_FRAMEWORK_HEADER = YES;
				CLANG_WARN_RANGE_LOOP_ANALYSIS = YES;
				CLANG_WARN_STRICT_PROTOTYPES = YES;
				CLANG_WARN_SUSPICIOUS_MOVE = YES;
				CLANG_WARN_UNGUARDED_AVAILABILITY = YES_AGGRESSIVE;
				CLANG_WARN_UNREACHABLE_CODE = YES;
				CLANG_WARN__DUPLICATE_METHOD_MATCH = YES;
				COPY_PHASE_STRIP = NO;
				DEBUG_INFORMATION_FORMAT = "dwarf-with-dsym";
				ENABLE_NS_ASSERTIONS = NO;
				ENABLE_STRICT_OBJC_MSGSEND = YES;
				GCC_C_LANGUAGE_STANDARD = gnu11;
				GCC_NO_COMMON_BLOCKS = YES;
				GCC_WARN_64_TO_32_BIT_CONVERSION = YES;
				GCC_WARN_ABOUT_RETURN_TYPE = YES_ERROR;
				GCC_WARN_UNDECLARED_SELECTOR = YES;
				GCC_WARN_UNINITIALIZED_AUTOS = YES_AGGRESSIVE;
				GCC_WARN_UNUSED_FUNCTION = YES;
				GCC_WARN_UNUSED_VARIABLE = YES;
				MACOSX_DEPLOYMENT_TARGET = 12.3;
				MTL_ENABLE_DEBUG_INFO = NO;
				MTL_FAST_MATH = YES;
				SDKROOT = macosx;
				SWIFT_COMPILATION_MODE = wholemodule;
				SWIFT_OPTIMIZATION_LEVEL = "-O";
			};
			name = Release;
		};
		8BAFD79B29159EAB00828064 /* Debug */ = {
			isa = XCBuildConfiguration;
			buildSettings = {
				CODE_SIGN_STYLE = Automatic;
				PRODUCT_NAME = "$(TARGET_NAME)";
				SWIFT_VERSION = 5.0;
			};
			name = Debug;
		};
		8BAFD79C29159EAB00828064 /* Release */ = {
			isa = XCBuildConfiguration;
			buildSettings = {
				CODE_SIGN_STYLE = Automatic;
				PRODUCT_NAME = "$(TARGET_NAME)";
				SWIFT_VERSION = 5.0;
			};
			name = Release;
		};
/* End XCBuildConfiguration section */

/* Begin XCConfigurationList section */
		8BAFD78E29159EAB00828064 /* Build configuration list for PBXProject "Trashy" */ = {
			isa = XCConfigurationList;
			buildConfigurations = (
				8BAFD79829159EAB00828064 /* Debug */,
				8BAFD79929159EAB00828064 /* Release */,
			);
			defaultConfigurationIsVisible = 0;
			defaultConfigurationName = Release;
		};
		8BAFD79A29159EAB00828064 /* Build configuration list for PBXNativeTarget "Trashy" */ = {
			isa = XCConfigurationList;
			buildConfigurations = (
				8BAFD79B29159EAB00828064 /* Debug */,
				8BAFD79C29159EAB00828064 /* Release */,
			);
			defaultConfigurationIsVisible = 0;
			defaultConfigurationName = Release;
		};
/* End XCConfigurationList section */
	};
	rootObject = 8BAFD78B29159EAB00828064 /* Project object */;
}
